// !$*UTF8*$!
{
	archiveVersion = 1;
	classes = {
	};
	objectVersion = 77;
	objects = {

/* Begin PBXBuildFile section */
		89DA07002FC112FD0037C4D0 /* CasiListoWidget.appex in Embed Foundation Extensions */ = {isa = PBXBuildFile; fileRef = 89DA07012FC112FD0037C001 /* CasiListoWidget.appex */; settings = {ATTRIBUTES = (RemoveHeadersOnCopy, ); }; };
/* End PBXBuildFile section */

/* Begin PBXContainerItemProxy section */
		89DA05FF2FC112FD0037C4D0 /* PBXContainerItemProxy */ = {
			isa = PBXContainerItemProxy;
			containerPortal = 89DA05E72FC112FA0037C4D0 /* Project object */;
			proxyType = 1;
			remoteGlobalIDString = 89DA05EE2FC112FA0037C4D0;
			remoteInfo = CasiListo;
		};
		89DA06092FC112FD0037C4D0 /* PBXContainerItemProxy */ = {
			isa = PBXContainerItemProxy;
			containerPortal = 89DA05E72FC112FA0037C4D0 /* Project object */;
			proxyType = 1;
			remoteGlobalIDString = 89DA05EE2FC112FA0037C4D0;
			remoteInfo = CasiListo;
		};
		89DA07082FC112FD0037C008 /* PBXContainerItemProxy */ = {
			isa = PBXContainerItemProxy;
			containerPortal = 89DA05E72FC112FA0037C4D0 /* Project object */;
			proxyType = 1;
			remoteGlobalIDString = 89DA07042FC112FD0037C004;
			remoteInfo = CasiListoWidget;
		};
/* End PBXContainerItemProxy section */

/* Begin PBXCopyFilesBuildPhase section */
		89DA070C2FC112FD0037C00C /* Embed Foundation Extensions */ = {
			isa = PBXCopyFilesBuildPhase;
			buildActionMask = 2147483647;
			dstPath = "";
			dstSubfolderSpec = 13;
			files = (
				89DA07002FC112FD0037C4D0 /* CasiListoWidget.appex in Embed Foundation Extensions */,
			);
			name = "Embed Foundation Extensions";
			runOnlyForDeploymentPostprocessing = 0;
		};
/* End PBXCopyFilesBuildPhase section */

/* Begin PBXFileReference section */
		89DA05EF2FC112FA0037C4D0 /* CasiListo.app */ = {isa = PBXFileReference; explicitFileType = wrapper.application; includeInIndex = 0; path = CasiListo.app; sourceTree = BUILT_PRODUCTS_DIR; };
		89DA05FE2FC112FD0037C4D0 /* CasiListoTests.xctest */ = {isa = PBXFileReference; explicitFileType = wrapper.cfbundle; includeInIndex = 0; path = CasiListoTests.xctest; sourceTree = BUILT_PRODUCTS_DIR; };
		89DA06082FC112FD0037C4D0 /* CasiListoUITests.xctest */ = {isa = PBXFileReference; explicitFileType = wrapper.cfbundle; includeInIndex = 0; path = CasiListoUITests.xctest; sourceTree = BUILT_PRODUCTS_DIR; };
		89DA07012FC112FD0037C001 /* CasiListoWidget.appex */ = {isa = PBXFileReference; explicitFileType = "wrapper.app-extension"; includeInIndex = 0; path = CasiListoWidget.appex; sourceTree = BUILT_PRODUCTS_DIR; };
/* End PBXFileReference section */

/* Begin PBXFileSystemSynchronizedBuildFileExceptionSet section */
		89DA070E2FC112FD0037C00E /* Exceptions for "CasiListoWidget" folder in "CasiListoWidget" target */ = {
			isa = PBXFileSystemSynchronizedBuildFileExceptionSet;
			membershipExceptions = (
				Info.plist,
			);
			target = 89DA07042FC112FD0037C004 /* CasiListoWidget */;
		};
/* End PBXFileSystemSynchronizedBuildFileExceptionSet section */

/* Begin PBXFileSystemSynchronizedRootGroup section */
		89DA05F12FC112FA0037C4D0 /* CasiListo */ = {
			isa = PBXFileSystemSynchronizedRootGroup;
			path = CasiListo;
			sourceTree = "<group>";
		};
		89DA06012FC112FD0037C4D0 /* CasiListoTests */ = {
			isa = PBXFileSystemSynchronizedRootGroup;
			path = CasiListoTests;
			sourceTree = "<group>";
		};
		89DA060B2FC112FD0037C4D0 /* CasiListoUITests */ = {
			isa = PBXFileSystemSynchronizedRootGroup;
			path = CasiListoUITests;
			sourceTree = "<group>";
		};
		89DA07022FC112FD0037C002 /* CasiListoWidget */ = {
			isa = PBXFileSystemSynchronizedRootGroup;
			exceptions = (
				89DA070E2FC112FD0037C00E /* Exceptions for "CasiListoWidget" folder in "CasiListoWidget" target */,
			);
			path = CasiListoWidget;
			sourceTree = "<group>";
		};
/* End PBXFileSystemSynchronizedRootGroup section */

/* Begin PBXFrameworksBuildPhase section */
		89DA05EC2FC112FA0037C4D0 /* Frameworks */ = {
			isa = PBXFrameworksBuildPhase;
			buildActionMask = 2147483647;
			files = (
			);
			runOnlyForDeploymentPostprocessing = 0;
		};
		89DA05FB2FC112FD0037C4D0 /* Frameworks */ = {
			isa = PBXFrameworksBuildPhase;
			buildActionMask = 2147483647;
			files = (
			);
			runOnlyForDeploymentPostprocessing = 0;
		};
		89DA06052FC112FD0037C4D0 /* Frameworks */ = {
			isa = PBXFrameworksBuildPhase;
			buildActionMask = 2147483647;
			files = (
			);
			runOnlyForDeploymentPostprocessing = 0;
		};
		89DA07032FC112FD0037C003 /* Frameworks */ = {
			isa = PBXFrameworksBuildPhase;
			buildActionMask = 2147483647;
			files = (
			);
			runOnlyForDeploymentPostprocessing = 0;
		};
/* End PBXFrameworksBuildPhase section */

/* Begin PBXGroup section */
		89DA05E62FC112FA0037C4D0 = {
			isa = PBXGroup;
			children = (
				89DA05F12FC112FA0037C4D0 /* CasiListo */,
				89DA06012FC112FD0037C4D0 /* CasiListoTests */,
				89DA060B2FC112FD0037C4D0 /* CasiListoUITests */,
				89DA07022FC112FD0037C002 /* CasiListoWidget */,
				89DA05F02FC112FA0037C4D0 /* Products */,
			);
			sourceTree = "<group>";
		};
		89DA05F02FC112FA0037C4D0 /* Products */ = {
			isa = PBXGroup;
			children = (
				89DA05EF2FC112FA0037C4D0 /* CasiListo.app */,
				89DA05FE2FC112FD0037C4D0 /* CasiListoTests.xctest */,
				89DA06082FC112FD0037C4D0 /* CasiListoUITests.xctest */,
				89DA07012FC112FD0037C001 /* CasiListoWidget.appex */,
			);
			name = Products;
			sourceTree = "<group>";
		};
/* End PBXGroup section */

/* Begin PBXNativeTarget section */
		89DA05EE2FC112FA0037C4D0 /* CasiListo */ = {
			isa = PBXNativeTarget;
			buildConfigurationList = 89DA06122FC112FD0037C4D0 /* Build configuration list for PBXNativeTarget "CasiListo" */;
			buildPhases = (
				89DA05EB2FC112FA0037C4D0 /* Sources */,
				89DA05EC2FC112FA0037C4D0 /* Frameworks */,
				89DA05ED2FC112FA0037C4D0 /* Resources */,
				89DA070C2FC112FD0037C00C /* Embed Foundation Extensions */,
			);
			buildRules = (
			);
			dependencies = (
				89DA07072FC112FD0037C007 /* PBXTargetDependency */,
			);
			fileSystemSynchronizedGroups = (
				89DA05F12FC112FA0037C4D0 /* CasiListo */,
			);
			name = CasiListo;
			packageProductDependencies = (
			);
			productName = CasiListo;
			productReference = 89DA05EF2FC112FA0037C4D0 /* CasiListo.app */;
			productType = "com.apple.product-type.application";
		};
		89DA05FD2FC112FD0037C4D0 /* CasiListoTests */ = {
			isa = PBXNativeTarget;
			buildConfigurationList = 89DA06152FC112FD0037C4D0 /* Build configuration list for PBXNativeTarget "CasiListoTests" */;
			buildPhases = (
				89DA05FA2FC112FD0037C4D0 /* Sources */,
				89DA05FB2FC112FD0037C4D0 /* Frameworks */,
				89DA05FC2FC112FD0037C4D0 /* Resources */,
			);
			buildRules = (
			);
			dependencies = (
				89DA06002FC112FD0037C4D0 /* PBXTargetDependency */,
			);
			fileSystemSynchronizedGroups = (
				89DA06012FC112FD0037C4D0 /* CasiListoTests */,
			);
			name = CasiListoTests;
			packageProductDependencies = (
			);
			productName = CasiListoTests;
			productReference = 89DA05FE2FC112FD0037C4D0 /* CasiListoTests.xctest */;
			productType = "com.apple.product-type.bundle.unit-test";
		};
		89DA06072FC112FD0037C4D0 /* CasiListoUITests */ = {
			isa = PBXNativeTarget;
			buildConfigurationList = 89DA06182FC112FD0037C4D0 /* Build configuration list for PBXNativeTarget "CasiListoUITests" */;
			buildPhases = (
				89DA06042FC112FD0037C4D0 /* Sources */,
				89DA06052FC112FD0037C4D0 /* Frameworks */,
				89DA06062FC112FD0037C4D0 /* Resources */,
			);
			buildRules = (
			);
			dependencies = (
				89DA060A2FC112FD0037C4D0 /* PBXTargetDependency */,
			);
			fileSystemSynchronizedGroups = (
				89DA060B2FC112FD0037C4D0 /* CasiListoUITests */,
			);
			name = CasiListoUITests;
			packageProductDependencies = (
			);
			productName = CasiListoUITests;
			productReference = 89DA06082FC112FD0037C4D0 /* CasiListoUITests.xctest */;
			productType = "com.apple.product-type.bundle.ui-testing";
		};
		89DA07042FC112FD0037C004 /* CasiListoWidget */ = {
			isa = PBXNativeTarget;
			buildConfigurationList = 89DA070B2FC112FD0037C00B /* Build configuration list for PBXNativeTarget "CasiListoWidget" */;
			buildPhases = (
				89DA07062FC112FD0037C006 /* Sources */,
				89DA07032FC112FD0037C003 /* Frameworks */,
				89DA07052FC112FD0037C005 /* Resources */,
			);
			buildRules = (
			);
			dependencies = (
			);
			fileSystemSynchronizedGroups = (
				89DA07022FC112FD0037C002 /* CasiListoWidget */,
			);
			name = CasiListoWidget;
			packageProductDependencies = (
			);
			productName = CasiListoWidget;
			productReference = 89DA07012FC112FD0037C001 /* CasiListoWidget.appex */;
			productType = "com.apple.product-type.app-extension";
		};
/* End PBXNativeTarget section */

/* Begin PBXProject section */
		89DA05E72FC112FA0037C4D0 /* Project object */ = {
			isa = PBXProject;
			attributes = {
				BuildIndependentTargetsInParallel = 1;
				LastSwiftUpdateCheck = 2650;
				LastUpgradeCheck = 2700;
				TargetAttributes = {
					89DA05EE2FC112FA0037C4D0 = {
						CreatedOnToolsVersion = 26.5;
					};
					89DA05FD2FC112FD0037C4D0 = {
						CreatedOnToolsVersion = 26.5;
						TestTargetID = 89DA05EE2FC112FA0037C4D0;
					};
					89DA06072FC112FD0037C4D0 = {
						CreatedOnToolsVersion = 26.5;
						TestTargetID = 89DA05EE2FC112FA0037C4D0;
					};
					89DA07042FC112FD0037C004 = {
						CreatedOnToolsVersion = 26.5;
					};
				};
			};
			buildConfigurationList = 89DA05EA2FC112FA0037C4D0 /* Build configuration list for PBXProject "CasiListo" */;
			developmentRegion = en;
			hasScannedForEncodings = 0;
			knownRegions = (
				en,
				Base,
			);
			mainGroup = 89DA05E62FC112FA0037C4D0;
			minimizedProjectReferenceProxies = 1;
			preferredProjectObjectVersion = 77;
			productRefGroup = 89DA05F02FC112FA0037C4D0 /* Products */;
			projectDirPath = "";
			projectRoot = "";
			targets = (
				89DA05EE2FC112FA0037C4D0 /* CasiListo */,
				89DA05FD2FC112FD0037C4D0 /* CasiListoTests */,
				89DA06072FC112FD0037C4D0 /* CasiListoUITests */,
				89DA07042FC112FD0037C004 /* CasiListoWidget */,
			);
		};
/* End PBXProject section */

/* Begin PBXResourcesBuildPhase section */
		89DA05ED2FC112FA0037C4D0 /* Resources */ = {
			isa = PBXResourcesBuildPhase;
			buildActionMask = 2147483647;
			files = (
			);
			runOnlyForDeploymentPostprocessing = 0;
		};
		89DA05FC2FC112FD0037C4D0 /* Resources */ = {
			isa = PBXResourcesBuildPhase;
			buildActionMask = 2147483647;
			files = (
			);
			runOnlyForDeploymentPostprocessing = 0;
		};
		89DA06062FC112FD0037C4D0 /* Resources */ = {
			isa = PBXResourcesBuildPhase;
			buildActionMask = 2147483647;
			files = (
			);
			runOnlyForDeploymentPostprocessing = 0;
		};
		89DA07052FC112FD0037C005 /* Resources */ = {
			isa = PBXResourcesBuildPhase;
			buildActionMask = 2147483647;
			files = (
			);
			runOnlyForDeploymentPostprocessing = 0;
		};
/* End PBXResourcesBuildPhase section */

/* Begin PBXSourcesBuildPhase section */
		89DA05EB2FC112FA0037C4D0 /* Sources */ = {
			isa = PBXSourcesBuildPhase;
			buildActionMask = 2147483647;
			files = (
			);
			runOnlyForDeploymentPostprocessing = 0;
		};
		89DA05FA2FC112FD0037C4D0 /* Sources */ = {
			isa = PBXSourcesBuildPhase;
			buildActionMask = 2147483647;
			files = (
			);
			runOnlyForDeploymentPostprocessing = 0;
		};
		89DA06042FC112FD0037C4D0 /* Sources */ = {
			isa = PBXSourcesBuildPhase;
			buildActionMask = 2147483647;
			files = (
			);
			runOnlyForDeploymentPostprocessing = 0;
		};
		89DA07062FC112FD0037C006 /* Sources */ = {
			isa = PBXSourcesBuildPhase;
			buildActionMask = 2147483647;
			files = (
			);
			runOnlyForDeploymentPostprocessing = 0;
		};
/* End PBXSourcesBuildPhase section */

/* Begin PBXTargetDependency section */
		89DA06002FC112FD0037C4D0 /* PBXTargetDependency */ = {
			isa = PBXTargetDependency;
			target = 89DA05EE2FC112FA0037C4D0 /* CasiListo */;
			targetProxy = 89DA05FF2FC112FD0037C4D0 /* PBXContainerItemProxy */;
		};
		89DA060A2FC112FD0037C4D0 /* PBXTargetDependency */ = {
			isa = PBXTargetDependency;
			target = 89DA05EE2FC112FA0037C4D0 /* CasiListo */;
			targetProxy = 89DA06092FC112FD0037C4D0 /* PBXContainerItemProxy */;
		};
		89DA07072FC112FD0037C007 /* PBXTargetDependency */ = {
			isa = PBXTargetDependency;
			target = 89DA07042FC112FD0037C004 /* CasiListoWidget */;
			targetProxy = 89DA07082FC112FD0037C008 /* PBXContainerItemProxy */;
		};
/* End PBXTargetDependency section */

/* Begin XCBuildConfiguration section */
		89DA06102FC112FD0037C4D0 /* Debug */ = {
			isa = XCBuildConfiguration;
			buildSettings = {
				ALWAYS_SEARCH_USER_PATHS = NO;
				ASSETCATALOG_COMPILER_GENERATE_SWIFT_ASSET_SYMBOL_EXTENSIONS = YES;
				CLANG_ANALYZER_NONNULL = YES;
				CLANG_ANALYZER_NUMBER_OBJECT_CONVERSION = YES_AGGRESSIVE;
				CLANG_CXX_LANGUAGE_STANDARD = "gnu++20";
				CLANG_ENABLE_MODULES = YES;
				CLANG_ENABLE_OBJC_ARC = YES;
				CLANG_ENABLE_OBJC_WEAK = YES;
				CLANG_WARN_BLOCK_CAPTURE_AUTORELEASING = YES;
				CLANG_WARN_BOOL_CONVERSION = YES;
				CLANG_WARN_COMMA = YES;
				CLANG_WARN_CONSTANT_CONVERSION = YES;
				CLANG_WARN_DEPRECATED_OBJC_IMPLEMENTATIONS = YES;
				CLANG_WARN_DIRECT_OBJC_ISA_USAGE = YES_ERROR;
				CLANG_WARN_DOCUMENTATION_COMMENTS = YES;
				CLANG_WARN_EMPTY_BODY = YES;
				CLANG_WARN_ENUM_CONVERSION = YES;
				CLANG_WARN_INFINITE_RECURSION = YES;
				CLANG_WARN_INT_CONVERSION = YES;
				CLANG_WARN_NON_LITERAL_NULL_CONVERSION = YES;
				CLANG_WARN_OBJC_IMPLICIT_RETAIN_SELF = YES;
				CLANG_WARN_OBJC_LITERAL_CONVERSION = YES;
				CLANG_WARN_OBJC_ROOT_CLASS = YES_ERROR;
				CLANG_WARN_QUOTED_INCLUDE_IN_FRAMEWORK_HEADER = YES;
				CLANG_WARN_RANGE_LOOP_ANALYSIS = YES;
				CLANG_WARN_STRICT_PROTOTYPES = YES;
				CLANG_WARN_SUSPICIOUS_MOVE = YES;
				CLANG_WARN_UNGUARDED_AVAILABILITY = YES_AGGRESSIVE;
				CLANG_WARN_UNREACHABLE_CODE = YES;
				CLANG_WARN__DUPLICATE_METHOD_MATCH = YES;
				COPY_PHASE_STRIP = NO;
				DEBUG_INFORMATION_FORMAT = dwarf;
				DEVELOPMENT_TEAM = GKVPN3HBMN;
				ENABLE_STRICT_OBJC_MSGSEND = YES;
				ENABLE_TESTABILITY = YES;
				ENABLE_USER_SCRIPT_SANDBOXING = YES;
				GCC_C_LANGUAGE_STANDARD = gnu17;
				GCC_DYNAMIC_NO_PIC = NO;
				GCC_NO_COMMON_BLOCKS = YES;
				GCC_OPTIMIZATION_LEVEL = 0;
				GCC_PREPROCESSOR_DEFINITIONS = (
					"DEBUG=1",
					"$(inherited)",
				);
				GCC_WARN_64_TO_32_BIT_CONVERSION = YES;
				GCC_WARN_ABOUT_RETURN_TYPE = YES_ERROR;
				GCC_WARN_UNDECLARED_SELECTOR = YES;
				GCC_WARN_UNINITIALIZED_AUTOS = YES_AGGRESSIVE;
				GCC_WARN_UNUSED_FUNCTION = YES;
				GCC_WARN_UNUSED_VARIABLE = YES;
				IPHONEOS_DEPLOYMENT_TARGET = 17.0;
				LOCALIZATION_PREFERS_STRING_CATALOGS = YES;
				MTL_ENABLE_DEBUG_INFO = INCLUDE_SOURCE;
				MTL_FAST_MATH = YES;
				ONLY_ACTIVE_ARCH = YES;
				SDKROOT = iphoneos;
				STRING_CATALOG_GENERATE_SYMBOLS = YES;
				SWIFT_ACTIVE_COMPILATION_CONDITIONS = "DEBUG $(inherited)";
				SWIFT_OPTIMIZATION_LEVEL = "-Onone";
			};
			name = Debug;
		};
		89DA06112FC112FD0037C4D0 /* Release */ = {
			isa = XCBuildConfiguration;
			buildSettings = {
				ALWAYS_SEARCH_USER_PATHS = NO;
				ASSETCATALOG_COMPILER_GENERATE_SWIFT_ASSET_SYMBOL_EXTENSIONS = YES;
				CLANG_ANALYZER_NONNULL = YES;
				CLANG_ANALYZER_NUMBER_OBJECT_CONVERSION = YES_AGGRESSIVE;
				CLANG_CXX_LANGUAGE_STANDARD = "gnu++20";
				CLANG_ENABLE_MODULES = YES;
				CLANG_ENABLE_OBJC_ARC = YES;
				CLANG_ENABLE_OBJC_WEAK = YES;
				CLANG_WARN_BLOCK_CAPTURE_AUTORELEASING = YES;
				CLANG_WARN_BOOL_CONVERSION = YES;
				CLANG_WARN_COMMA = YES;
				CLANG_WARN_CONSTANT_CONVERSION = YES;
				CLANG_WARN_DEPRECATED_OBJC_IMPLEMENTATIONS = YES;
				CLANG_WARN_DIRECT_OBJC_ISA_USAGE = YES_ERROR;
				CLANG_WARN_DOCUMENTATION_COMMENTS = YES;
				CLANG_WARN_EMPTY_BODY = YES;
				CLANG_WARN_ENUM_CONVERSION = YES;
				CLANG_WARN_INFINITE_RECURSION = YES;
				CLANG_WARN_INT_CONVERSION = YES;
				CLANG_WARN_NON_LITERAL_NULL_CONVERSION = YES;
				CLANG_WARN_OBJC_IMPLICIT_RETAIN_SELF = YES;
				CLANG_WARN_OBJC_LITERAL_CONVERSION = YES;
				CLANG_WARN_OBJC_ROOT_CLASS = YES_ERROR;
				CLANG_WARN_QUOTED_INCLUDE_IN_FRAMEWORK_HEADER = YES;
				CLANG_WARN_RANGE_LOOP_ANALYSIS = YES;
				CLANG_WARN_STRICT_PROTOTYPES = YES;
				CLANG_WARN_SUSPICIOUS_MOVE = YES;
				CLANG_WARN_UNGUARDED_AVAILABILITY = YES_AGGRESSIVE;
				CLANG_WARN_UNREACHABLE_CODE = YES;
				CLANG_WARN__DUPLICATE_METHOD_MATCH = YES;
				COPY_PHASE_STRIP = NO;
				DEBUG_INFORMATION_FORMAT = "dwarf-with-dsym";
				DEVELOPMENT_TEAM = GKVPN3HBMN;
				ENABLE_NS_ASSERTIONS = NO;
				ENABLE_STRICT_OBJC_MSGSEND = YES;
				ENABLE_USER_SCRIPT_SANDBOXING = YES;
				GCC_C_LANGUAGE_STANDARD = gnu17;
				GCC_NO_COMMON_BLOCKS = YES;
				GCC_WARN_64_TO_32_BIT_CONVERSION = YES;
				GCC_WARN_ABOUT_RETURN_TYPE = YES_ERROR;
				GCC_WARN_UNDECLARED_SELECTOR = YES;
				GCC_WARN_UNINITIALIZED_AUTOS = YES_AGGRESSIVE;
				GCC_WARN_UNUSED_FUNCTION = YES;
				GCC_WARN_UNUSED_VARIABLE = YES;
				IPHONEOS_DEPLOYMENT_TARGET = 17.0;
				LOCALIZATION_PREFERS_STRING_CATALOGS = YES;
				MTL_ENABLE_DEBUG_INFO = NO;
				MTL_FAST_MATH = YES;
				SDKROOT = iphoneos;
				STRING_CATALOG_GENERATE_SYMBOLS = YES;
				SWIFT_COMPILATION_MODE = wholemodule;
				VALIDATE_PRODUCT = YES;
			};
			name = Release;
		};
		89DA06132FC112FD0037C4D0 /* Debug */ = {
			isa = XCBuildConfiguration;
			buildSettings = {
				ASSETCATALOG_COMPILER_APPICON_NAME = AppIcon;
				ASSETCATALOG_COMPILER_GLOBAL_ACCENT_COLOR_NAME = AccentColor;
				ASSETCATALOG_COMPILER_INCLUDE_ALL_APPICON_ASSETS = NO;
				CODE_SIGN_ENTITLEMENTS = CasiListo/CasiListo.entitlements;
				CODE_SIGN_STYLE = Automatic;
				CURRENT_PROJECT_VERSION = 1;
				DEVELOPMENT_TEAM = GKVPN3HBMN;
				ENABLE_PREVIEWS = YES;
				GENERATE_INFOPLIST_FILE = YES;
				INFOPLIST_KEY_CFBundleURLTypes = (
					{
						CFBundleTypeRole = Editor;
						CFBundleURLName = "com.allopze.CasiListo";
						CFBundleURLSchemes = (casilisto);
					},
				);
				INFOPLIST_KEY_NSCameraUsageDescription = "CasiListo usa la cámara para fotografiar boletas y registrar productos y precios.";
				INFOPLIST_KEY_NSMicrophoneUsageDescription = "CasiListo usa el micrófono para guardar notas de voz en productos de tu lista.";
				INFOPLIST_KEY_NSPhotoLibraryUsageDescription = "CasiListo usa tus fotos solo cuando eliges una boleta para registrar productos y precios.";
				INFOPLIST_KEY_UIApplicationSceneManifest_Generation = YES;
				INFOPLIST_KEY_UIApplicationSupportsIndirectInputEvents = YES;
				INFOPLIST_KEY_UILaunchScreen_Generation = YES;
				INFOPLIST_KEY_UISupportedInterfaceOrientations = "UIInterfaceOrientationPortrait UIInterfaceOrientationPortraitUpsideDown UIInterfaceOrientationLandscapeLeft UIInterfaceOrientationLandscapeRight";
				LD_RUNPATH_SEARCH_PATHS = (
					"$(inherited)",
					"@executable_path/Frameworks",
				);
				MARKETING_VERSION = 1.0;
				PRODUCT_BUNDLE_IDENTIFIER = com.allopze.CasiListo;
				PRODUCT_NAME = "$(TARGET_NAME)";
				STRING_CATALOG_GENERATE_SYMBOLS = YES;
				SWIFT_APPROACHABLE_CONCURRENCY = YES;
				SWIFT_DEFAULT_ACTOR_ISOLATION = MainActor;
				SWIFT_EMIT_LOC_STRINGS = YES;
				SWIFT_STRICT_CONCURRENCY = complete;
				SWIFT_UPCOMING_FEATURE_MEMBER_IMPORT_VISIBILITY = YES;
				SWIFT_VERSION = 6.0;
				TARGETED_DEVICE_FAMILY = "1,2";
			};
			name = Debug;
		};
		89DA06142FC112FD0037C4D0 /* Release */ = {
			isa = XCBuildConfiguration;
			buildSettings = {
				ASSETCATALOG_COMPILER_APPICON_NAME = AppIcon;
				ASSETCATALOG_COMPILER_GLOBAL_ACCENT_COLOR_NAME = AccentColor;
				ASSETCATALOG_COMPILER_INCLUDE_ALL_APPICON_ASSETS = NO;
				CODE_SIGN_ENTITLEMENTS = CasiListo/CasiListo.entitlements;
				CODE_SIGN_STYLE = Automatic;
				CURRENT_PROJECT_VERSION = 1;
				DEVELOPMENT_TEAM = GKVPN3HBMN;
				ENABLE_PREVIEWS = YES;
				GENERATE_INFOPLIST_FILE = YES;
				INFOPLIST_KEY_CFBundleURLTypes = (
					{
						CFBundleTypeRole = Editor;
						CFBundleURLName = "com.allopze.CasiListo";
						CFBundleURLSchemes = (casilisto);
					},
				);
				INFOPLIST_KEY_NSCameraUsageDescription = "CasiListo usa la cámara para fotografiar boletas y registrar productos y precios.";
				INFOPLIST_KEY_NSMicrophoneUsageDescription = "CasiListo usa el micrófono para guardar notas de voz en productos de tu lista.";
				INFOPLIST_KEY_NSPhotoLibraryUsageDescription = "CasiListo usa tus fotos solo cuando eliges una boleta para registrar productos y precios.";
				INFOPLIST_KEY_UIApplicationSceneManifest_Generation = YES;
				INFOPLIST_KEY_UIApplicationSupportsIndirectInputEvents = YES;
				INFOPLIST_KEY_UILaunchScreen_Generation = YES;
				INFOPLIST_KEY_UISupportedInterfaceOrientations = "UIInterfaceOrientationPortrait UIInterfaceOrientationPortraitUpsideDown UIInterfaceOrientationLandscapeLeft UIInterfaceOrientationLandscapeRight";
				LD_RUNPATH_SEARCH_PATHS = (
					"$(inherited)",
					"@executable_path/Frameworks",
				);
				MARKETING_VERSION = 1.0;
				PRODUCT_BUNDLE_IDENTIFIER = com.allopze.CasiListo;
				PRODUCT_NAME = "$(TARGET_NAME)";
				STRING_CATALOG_GENERATE_SYMBOLS = YES;
				SWIFT_APPROACHABLE_CONCURRENCY = YES;
				SWIFT_DEFAULT_ACTOR_ISOLATION = MainActor;
				SWIFT_EMIT_LOC_STRINGS = YES;
				SWIFT_STRICT_CONCURRENCY = complete;
				SWIFT_UPCOMING_FEATURE_MEMBER_IMPORT_VISIBILITY = YES;
				SWIFT_VERSION = 6.0;
				TARGETED_DEVICE_FAMILY = "1,2";
			};
			name = Release;
		};
		89DA06162FC112FD0037C4D0 /* Debug */ = {
			isa = XCBuildConfiguration;
			buildSettings = {
				BUNDLE_LOADER = "$(TEST_HOST)";
				CODE_SIGN_STYLE = Automatic;
				CURRENT_PROJECT_VERSION = 1;
				DEVELOPMENT_TEAM = GKVPN3HBMN;
				GENERATE_INFOPLIST_FILE = YES;
				IPHONEOS_DEPLOYMENT_TARGET = 17.0;
				MARKETING_VERSION = 1.0;
				PRODUCT_BUNDLE_IDENTIFIER = com.allopze.CasiListoTests;
				PRODUCT_NAME = "$(TARGET_NAME)";
				STRING_CATALOG_GENERATE_SYMBOLS = NO;
				SWIFT_APPROACHABLE_CONCURRENCY = YES;
				SWIFT_EMIT_LOC_STRINGS = NO;
				SWIFT_STRICT_CONCURRENCY = complete;
				SWIFT_UPCOMING_FEATURE_MEMBER_IMPORT_VISIBILITY = YES;
				SWIFT_VERSION = 6.0;
				TARGETED_DEVICE_FAMILY = "1,2";
				TEST_HOST = "$(BUILT_PRODUCTS_DIR)/CasiListo.app/$(BUNDLE_EXECUTABLE_FOLDER_PATH)/CasiListo";
			};
			name = Debug;
		};
		89DA06172FC112FD0037C4D0 /* Release */ = {
			isa = XCBuildConfiguration;
			buildSettings = {
				BUNDLE_LOADER = "$(TEST_HOST)";
				CODE_SIGN_STYLE = Automatic;
				CURRENT_PROJECT_VERSION = 1;
				DEVELOPMENT_TEAM = GKVPN3HBMN;
				GENERATE_INFOPLIST_FILE = YES;
				IPHONEOS_DEPLOYMENT_TARGET = 17.0;
				MARKETING_VERSION = 1.0;
				PRODUCT_BUNDLE_IDENTIFIER = com.allopze.CasiListoTests;
				PRODUCT_NAME = "$(TARGET_NAME)";
				STRING_CATALOG_GENERATE_SYMBOLS = NO;
				SWIFT_APPROACHABLE_CONCURRENCY = YES;
				SWIFT_EMIT_LOC_STRINGS = NO;
				SWIFT_STRICT_CONCURRENCY = complete;
				SWIFT_UPCOMING_FEATURE_MEMBER_IMPORT_VISIBILITY = YES;
				SWIFT_VERSION = 6.0;
				TARGETED_DEVICE_FAMILY = "1,2";
				TEST_HOST = "$(BUILT_PRODUCTS_DIR)/CasiListo.app/$(BUNDLE_EXECUTABLE_FOLDER_PATH)/CasiListo";
			};
			name = Release;
		};
		89DA06192FC112FD0037C4D0 /* Debug */ = {
			isa = XCBuildConfiguration;
			buildSettings = {
				CODE_SIGN_STYLE = Automatic;
				CURRENT_PROJECT_VERSION = 1;
				DEVELOPMENT_TEAM = GKVPN3HBMN;
				GENERATE_INFOPLIST_FILE = YES;
				MARKETING_VERSION = 1.0;
				PRODUCT_BUNDLE_IDENTIFIER = com.allopze.CasiListoUITests;
				PRODUCT_NAME = "$(TARGET_NAME)";
				STRING_CATALOG_GENERATE_SYMBOLS = NO;
				SWIFT_APPROACHABLE_CONCURRENCY = YES;
				SWIFT_EMIT_LOC_STRINGS = NO;
				SWIFT_STRICT_CONCURRENCY = complete;
				SWIFT_UPCOMING_FEATURE_MEMBER_IMPORT_VISIBILITY = YES;
				SWIFT_VERSION = 6.0;
				TARGETED_DEVICE_FAMILY = "1,2";
				TEST_TARGET_NAME = CasiListo;
			};
			name = Debug;
		};
		89DA061A2FC112FD0037C4D0 /* Release */ = {
			isa = XCBuildConfiguration;
			buildSettings = {
				CODE_SIGN_STYLE = Automatic;
				CURRENT_PROJECT_VERSION = 1;
				DEVELOPMENT_TEAM = GKVPN3HBMN;
				GENERATE_INFOPLIST_FILE = YES;
				MARKETING_VERSION = 1.0;
				PRODUCT_BUNDLE_IDENTIFIER = com.allopze.CasiListoUITests;
				PRODUCT_NAME = "$(TARGET_NAME)";
				STRING_CATALOG_GENERATE_SYMBOLS = NO;
				SWIFT_APPROACHABLE_CONCURRENCY = YES;
				SWIFT_EMIT_LOC_STRINGS = NO;
				SWIFT_STRICT_CONCURRENCY = complete;
				SWIFT_UPCOMING_FEATURE_MEMBER_IMPORT_VISIBILITY = YES;
				SWIFT_VERSION = 6.0;
				TARGETED_DEVICE_FAMILY = "1,2";
				TEST_TARGET_NAME = CasiListo;
			};
			name = Release;
		};
		89DA07092FC112FD0037C009 /* Debug */ = {
			isa = XCBuildConfiguration;
			buildSettings = {
				CODE_SIGN_ENTITLEMENTS = CasiListoWidget/CasiListoWidget.entitlements;
				CODE_SIGN_STYLE = Automatic;
				CURRENT_PROJECT_VERSION = 1;
				DEVELOPMENT_TEAM = GKVPN3HBMN;
				GENERATE_INFOPLIST_FILE = NO;
				INFOPLIST_FILE = CasiListoWidget/Info.plist;
				IPHONEOS_DEPLOYMENT_TARGET = 17.0;
				MARKETING_VERSION = 1.0;
				PRODUCT_BUNDLE_IDENTIFIER = com.allopze.CasiListo.widget;
				PRODUCT_NAME = "$(TARGET_NAME)";
				SKIP_INSTALL = YES;
				SWIFT_APPROACHABLE_CONCURRENCY = YES;
				SWIFT_DEFAULT_ACTOR_ISOLATION = MainActor;
				SWIFT_EMIT_LOC_STRINGS = YES;
				SWIFT_STRICT_CONCURRENCY = complete;
				SWIFT_UPCOMING_FEATURE_MEMBER_IMPORT_VISIBILITY = YES;
				SWIFT_VERSION = 6.0;
				TARGETED_DEVICE_FAMILY = "1,2";
			};
			name = Debug;
		};
		89DA070A2FC112FD0037C00A /* Release */ = {
			isa = XCBuildConfiguration;
			buildSettings = {
				CODE_SIGN_ENTITLEMENTS = CasiListoWidget/CasiListoWidget.entitlements;
				CODE_SIGN_STYLE = Automatic;
				CURRENT_PROJECT_VERSION = 1;
				DEVELOPMENT_TEAM = GKVPN3HBMN;
				GENERATE_INFOPLIST_FILE = NO;
				INFOPLIST_FILE = CasiListoWidget/Info.plist;
				IPHONEOS_DEPLOYMENT_TARGET = 17.0;
				MARKETING_VERSION = 1.0;
				PRODUCT_BUNDLE_IDENTIFIER = com.allopze.CasiListo.widget;
				PRODUCT_NAME = "$(TARGET_NAME)";
				SKIP_INSTALL = YES;
				SWIFT_APPROACHABLE_CONCURRENCY = YES;
				SWIFT_DEFAULT_ACTOR_ISOLATION = MainActor;
				SWIFT_EMIT_LOC_STRINGS = YES;
				SWIFT_STRICT_CONCURRENCY = complete;
				SWIFT_UPCOMING_FEATURE_MEMBER_IMPORT_VISIBILITY = YES;
				SWIFT_VERSION = 6.0;
				TARGETED_DEVICE_FAMILY = "1,2";
			};
			name = Release;
		};
/* End XCBuildConfiguration section */

/* Begin XCConfigurationList section */
		89DA05EA2FC112FA0037C4D0 /* Build configuration list for PBXProject "CasiListo" */ = {
			isa = XCConfigurationList;
			buildConfigurations = (
				89DA06102FC112FD0037C4D0 /* Debug */,
				89DA06112FC112FD0037C4D0 /* Release */,
			);
			defaultConfigurationIsVisible = 0;
			defaultConfigurationName = Release;
		};
		89DA06122FC112FD0037C4D0 /* Build configuration list for PBXNativeTarget "CasiListo" */ = {
			isa = XCConfigurationList;
			buildConfigurations = (
				89DA06132FC112FD0037C4D0 /* Debug */,
				89DA06142FC112FD0037C4D0 /* Release */,
			);
			defaultConfigurationIsVisible = 0;
			defaultConfigurationName = Release;
		};
		89DA06152FC112FD0037C4D0 /* Build configuration list for PBXNativeTarget "CasiListoTests" */ = {
			isa = XCConfigurationList;
			buildConfigurations = (
				89DA06162FC112FD0037C4D0 /* Debug */,
				89DA06172FC112FD0037C4D0 /* Release */,
			);
			defaultConfigurationIsVisible = 0;
			defaultConfigurationName = Release;
		};
		89DA06182FC112FD0037C4D0 /* Build configuration list for PBXNativeTarget "CasiListoUITests" */ = {
			isa = XCConfigurationList;
			buildConfigurations = (
				89DA06192FC112FD0037C4D0 /* Debug */,
				89DA061A2FC112FD0037C4D0 /* Release */,
			);
			defaultConfigurationIsVisible = 0;
			defaultConfigurationName = Release;
		};
		89DA070B2FC112FD0037C00B /* Build configuration list for PBXNativeTarget "CasiListoWidget" */ = {
			isa = XCConfigurationList;
			buildConfigurations = (
				89DA07092FC112FD0037C009 /* Debug */,
				89DA070A2FC112FD0037C00A /* Release */,
			);
			defaultConfigurationIsVisible = 0;
			defaultConfigurationName = Release;
		};
/* End XCConfigurationList section */
	};
	rootObject = 89DA05E72FC112FA0037C4D0 /* Project object */;
}
